
Microsoft Visual Studio Solution File, Format Version 12.00
# Visual Studio Version 17
VisualStudioVersion = 17.3.32804.467
MinimumVisualStudioVersion = 10.0.40219.1
Project("{9A19103F-16F7-4668-BE54-9A1E7A4F7556}") = "MLTest", "MLTest.csproj", "{40392909-E815-4139-846E-D45F3250C205}"
EndProject
Project("{2150E333-8FDC-42A3-9474-1A3956D46DE8}") = "Data", "Data", "{BCD3A864-4105-474B-9515-36AE507F3C8E}"
	ProjectSection(SolutionItems) = preProject
		employees_norm_train.tsv = employees_norm_train.tsv
	EndProjectSection
EndProject
Global
	GlobalSection(SolutionConfigurationPlatforms) = preSolution
		Debug|Any CPU = Debug|Any CPU
		Release|Any CPU = Release|Any CPU
	EndGlobalSection
	GlobalSection(ProjectConfigurationPlatforms) = postSolution
		{40392909-E815-4139-846E-D45F3250C205}.Debug|Any CPU.ActiveCfg = Debug|Any CPU
		{40392909-E815-4139-846E-D45F3250C205}.Debug|Any CPU.Build.0 = Debug|Any CPU
		{40392909-E815-4139-846E-D45F3250C205}.Release|Any CPU.ActiveCfg = Release|Any CPU
		{40392909-E815-4139-846E-D45F3250C205}.Release|Any CPU.Build.0 = Release|Any CPU
	EndGlobalSection
	GlobalSection(SolutionProperties) = preSolution
		HideSolutionNode = FALSE
	EndGlobalSection
	GlobalSection(ExtensibilityGlobals) = postSolution
		SolutionGuid = {D918D9A6-2F5D-4A9B-BF7B-500BEF8EFE2C}
	EndGlobalSection
EndGlobal
